<?xml version="1.0" encoding="utf-8"?>
<Project ToolsVersion="4.0" xmlns="http://schemas.microsoft.com/developer/msbuild/2003">
  <ItemGroup>
    <Filter Include="Исходные файлы">
      <UniqueIdentifier>{4FC737F1-C7A5-4376-A066-2A32D752A2FF}</UniqueIdentifier>
      <Extensions>cpp;c;cc;cxx;c++;cppm;ixx;def;odl;idl;hpj;bat;asm;asmx</Extensions>
    </Filter>
    <Filter Include="Файлы заголовков">
      <UniqueIdentifier>{93995380-89BD-4b04-88EB-625FBE52EBFB}</UniqueIdentifier>
      <Extensions>h;hh;hpp;hxx;h++;hm;inl;inc;ipp;xsd</Extensions>
    </Filter>
    <Filter Include="Файлы ресурсов">
      <UniqueIdentifier>{67DA6AB6-F800-4c08-8B7A-83BB121AAD01}</UniqueIdentifier>
      <Extensions>rc;ico;cur;bmp;dlg;rc2;rct;bin;rgs;gif;jpg;jpeg;jpe;resx;tiff;tif;png;wav;mfcribbon-ms</Extensions>
    </Filter>
    <Filter Include="Файлы ресурсов\ttffonts">
      <UniqueIdentifier>{55735066-349a-47f3-8513-e9e300496b9b}</UniqueIdentifier>
    </Filter>
    <Filter Include="Файлы ресурсов\textures">
      <UniqueIdentifier>{78557ace-cdd1-4290-bc3d-4beff63cd300}</UniqueIdentifier>
    </Filter>
    <Filter Include="Файлы ресурсов\textures\splites">
      <UniqueIdentifier>{58945241-ac1a-4386-a384-ce802dd032d6}</UniqueIdentifier>
    </Filter>
    <Filter Include="Файлы ресурсов\textures\backgrounds">
      <UniqueIdentifier>{b9ebebeb-024e-4577-a75d-b1fec690e0da}</UniqueIdentifier>
    </Filter>
    <Filter Include="Исходные файлы\Utility">
      <UniqueIdentifier>{471140c4-011a-42da-91c9-5a44c27268bb}</UniqueIdentifier>
    </Filter>
    <Filter Include="Исходные файлы\Utility\SDL_free_init">
      <UniqueIdentifier>{b473ae29-b28b-4178-967b-c4958f4acc4a}</UniqueIdentifier>
    </Filter>
    <Filter Include="Файлы ресурсов\textures\splites\knight">
      <UniqueIdentifier>{7b369ac6-cfac-48e2-8193-722411440afa}</UniqueIdentifier>
    </Filter>
    <Filter Include="Исходные файлы\menu">
      <UniqueIdentifier>{774169be-2425-4daf-a073-1649d0f65884}</UniqueIdentifier>
    </Filter>
    <Filter Include="Исходные файлы\gamemode">
      <UniqueIdentifier>{70da77c9-385b-46de-a498-d50cb317651f}</UniqueIdentifier>
    </Filter>
    <Filter Include="Исходные файлы\Utility\Time">
      <UniqueIdentifier>{32a57882-2f0e-4304-a19c-9a884bbb3503}</UniqueIdentifier>
    </Filter>
    <Filter Include="Исходные файлы\Utility\Geometry">
      <UniqueIdentifier>{570a6fae-6f3d-48f5-99f2-a4e7726a3472}</UniqueIdentifier>
    </Filter>
    <Filter Include="Исходные файлы\Utility\TextureProcessing">
      <UniqueIdentifier>{7c742967-ca70-4d0f-b0ab-27f6cf1d9d0d}</UniqueIdentifier>
    </Filter>
    <Filter Include="Исходные файлы\Utility\Hero">
      <UniqueIdentifier>{e7bac72f-6fac-49b5-88d4-8f6d91b12202}</UniqueIdentifier>
    </Filter>
    <Filter Include="Исходные файлы\Utility\projectile">
      <UniqueIdentifier>{6722cb90-a6de-483b-8d52-fead066394dd}</UniqueIdentifier>
    </Filter>
    <Filter Include="Исходные файлы\Utility\TextProcessing">
      <UniqueIdentifier>{deb3a895-7754-4d77-9fc5-aeb28a375a46}</UniqueIdentifier>
    </Filter>
    <Filter Include="Исходные файлы\gamemode\enemys">
      <UniqueIdentifier>{bd8a6c36-80b1-4220-b52b-08a9ad1b75c0}</UniqueIdentifier>
    </Filter>
    <Filter Include="Исходные файлы\Utility\FileM">
      <UniqueIdentifier>{8bc74f34-720a-40ce-baf4-088f29834e05}</UniqueIdentifier>
    </Filter>
    <Filter Include="Исходные файлы\gamemode\Items">
      <UniqueIdentifier>{51eeec8a-8085-464b-af7b-821137d85c6d}</UniqueIdentifier>
    </Filter>
    <Filter Include="Файлы ресурсов\txtinfo">
      <UniqueIdentifier>{cc1257a4-5c42-4f0a-a85d-dfb6370a8fdd}</UniqueIdentifier>
    </Filter>
    <Filter Include="Исходные файлы\Utility\TextureProcessing\AllGameTextureInit">
      <UniqueIdentifier>{b7ec8b7a-976a-49cd-b0f9-cd0a0dd81036}</UniqueIdentifier>
    </Filter>
    <Filter Include="Исходные файлы\Utility\TextureProcessing\Spleet">
      <UniqueIdentifier>{91a1f897-f8c9-41f4-b9e7-fb51e739dcf8}</UniqueIdentifier>
    </Filter>
    <Filter Include="Исходные файлы\Utility\TextureProcessing\Effects">
      <UniqueIdentifier>{5d25aab5-87f0-46e3-b512-59532938daa7}</UniqueIdentifier>
    </Filter>
  </ItemGroup>
  <ItemGroup>
    <ClCompile Include="KursovMakarovAlex.cpp">
      <Filter>Исходные файлы</Filter>
    </ClCompile>
    <ClCompile Include="texturesimport.cpp">
      <Filter>Исходные файлы\Utility\TextureProcessing</Filter>
    </ClCompile>
    <ClCompile Include="SDLProcessing.cpp">
      <Filter>Исходные файлы\Utility\SDL_free_init</Filter>
    </ClCompile>
    <ClCompile Include="Menu.cpp">
      <Filter>Исходные файлы\menu</Filter>
    </ClCompile>
    <ClCompile Include="Geomery.cpp">
      <Filter>Исходные файлы\Utility\Geometry</Filter>
    </ClCompile>
    <ClCompile Include="gamemode.cpp">
      <Filter>Исходные файлы\gamemode</Filter>
    </ClCompile>
    <ClCompile Include="Hero.cpp">
      <Filter>Исходные файлы\Utility\Hero</Filter>
    </ClCompile>
    <ClCompile Include="Time.cpp">
      <Filter>Исходные файлы\Utility\Time</Filter>
    </ClCompile>
    <ClCompile Include="projectile.cpp">
      <Filter>Исходные файлы\Utility\projectile</Filter>
    </ClCompile>
    <ClCompile Include="TextProcessing.cpp">
      <Filter>Исходные файлы\Utility\TextProcessing</Filter>
    </ClCompile>
    <ClCompile Include="enemy.cpp">
      <Filter>Исходные файлы\gamemode\enemys</Filter>
    </ClCompile>
    <ClCompile Include="FileM.cpp">
      <Filter>Исходные файлы\Utility\FileM</Filter>
    </ClCompile>
    <ClCompile Include="Items.cpp">
      <Filter>Исходные файлы\gamemode\Items</Filter>
    </ClCompile>
    <ClCompile Include="All_TextureInit.cpp">
      <Filter>Исходные файлы\Utility\TextureProcessing\AllGameTextureInit</Filter>
    </ClCompile>
    <ClCompile Include="SpleetProcessing.cpp">
      <Filter>Исходные файлы\Utility\TextureProcessing\Spleet</Filter>
    </ClCompile>
    <ClCompile Include="Effects.cpp">
      <Filter>Исходные файлы\Utility\TextureProcessing\Effects</Filter>
    </ClCompile>
  </ItemGroup>
  <ItemGroup>
    <Font Include="BrownieStencil-8O8MJ.ttf">
      <Filter>Файлы ресурсов\ttffonts</Filter>
    </Font>
    <Font Include="Zodchiy-Regular.ttf">
      <Filter>Файлы ресурсов\ttffonts</Filter>
    </Font>
    <Font Include="OpenSans-Bold.ttf">
      <Filter>Файлы ресурсов\ttffonts</Filter>
    </Font>
    <Font Include="OpenSans-BoldItalic.ttf">
      <Filter>Файлы ресурсов\ttffonts</Filter>
    </Font>
    <Font Include="OpenSans-ExtraBold.ttf">
      <Filter>Файлы ресурсов\ttffonts</Filter>
    </Font>
    <Font Include="OpenSans-ExtraBoldItalic.ttf">
      <Filter>Файлы ресурсов\ttffonts</Filter>
    </Font>
    <Font Include="OpenSans-Italic.ttf">
      <Filter>Файлы ресурсов\ttffonts</Filter>
    </Font>
    <Font Include="OpenSans-Light.ttf">
      <Filter>Файлы ресурсов\ttffonts</Filter>
    </Font>
    <Font Include="OpenSans-LightItalic.ttf">
      <Filter>Файлы ресурсов\ttffonts</Filter>
    </Font>
    <Font Include="OpenSans-Regular.ttf">
      <Filter>Файлы ресурсов\ttffonts</Filter>
    </Font>
    <Font Include="OpenSans-Semibold.ttf">
      <Filter>Файлы ресурсов\ttffonts</Filter>
    </Font>
    <Font Include="OpenSans-SemiboldItalic.ttf">
      <Filter>Файлы ресурсов\ttffonts</Filter>
    </Font>
  </ItemGroup>
  <ItemGroup>
    <ClInclude Include="texturesimport.h">
      <Filter>Исходные файлы\Utility\TextureProcessing</Filter>
    </ClInclude>
    <ClInclude Include="SDLProcessing.h">
      <Filter>Исходные файлы\Utility\SDL_free_init</Filter>
    </ClInclude>
    <ClInclude Include="Geometry.h">
      <Filter>Исходные файлы\Utility\Geometry</Filter>
    </ClInclude>
    <ClInclude Include="gamemode.h">
      <Filter>Исходные файлы\gamemode</Filter>
    </ClInclude>
    <ClInclude Include="Hero.h">
      <Filter>Исходные файлы\Utility\Hero</Filter>
    </ClInclude>
    <ClInclude Include="Time.h">
      <Filter>Исходные файлы\Utility\Time</Filter>
    </ClInclude>
    <ClInclude Include="projectile.h">
      <Filter>Исходные файлы\Utility\projectile</Filter>
    </ClInclude>
    <ClInclude Include="TextProcessing.h">
      <Filter>Исходные файлы\Utility\TextProcessing</Filter>
    </ClInclude>
    <ClInclude Include="enemy.h">
      <Filter>Исходные файлы\gamemode\enemys</Filter>
    </ClInclude>
    <ClInclude Include="Menu.h">
      <Filter>Исходные файлы\menu</Filter>
    </ClInclude>
    <ClInclude Include="FileM.h">
      <Filter>Исходные файлы\Utility\FileM</Filter>
    </ClInclude>
    <ClInclude Include="Items.h">
      <Filter>Исходные файлы\gamemode\Items</Filter>
    </ClInclude>
    <ClInclude Include="All_TextureInit.h">
      <Filter>Исходные файлы\Utility\TextureProcessing\AllGameTextureInit</Filter>
    </ClInclude>
    <ClInclude Include="SpleetProcessing.h">
      <Filter>Исходные файлы\Utility\TextureProcessing\Spleet</Filter>
    </ClInclude>
    <ClInclude Include="Effects.h">
      <Filter>Исходные файлы\Utility\TextureProcessing\Effects</Filter>
    </ClInclude>
  </ItemGroup>
  <ItemGroup>
    <Image Include="proba.png">
      <Filter>Файлы ресурсов\textures\backgrounds</Filter>
    </Image>
    <Image Include="Infobackgr.jpg">
      <Filter>Файлы ресурсов\textures\backgrounds</Filter>
    </Image>
    <Image Include="SaveImage.jpg">
      <Filter>Файлы ресурсов\textures\backgrounds</Filter>
    </Image>
    <Image Include="soul_knight_animation_final.png">
      <Filter>Файлы ресурсов\textures\splites\knight</Filter>
    </Image>
  </ItemGroup>
  <ItemGroup>
    <Text Include="TextInformation\Save1.txt">
      <Filter>Файлы ресурсов\txtinfo</Filter>
    </Text>
    <Text Include="TextInformation\Save2.txt">
      <Filter>Файлы ресурсов\txtinfo</Filter>
    </Text>
    <Text Include="TextInformation\Save3.txt">
      <Filter>Файлы ресурсов\txtinfo</Filter>
    </Text>
    <Text Include="TextInformation\EnemyQueue.txt">
      <Filter>Файлы ресурсов\txtinfo</Filter>
    </Text>
  </ItemGroup>
</Project>