<?xml version="1.0" encoding="utf-8"?>
<Project ToolsVersion="4.0" xmlns="http://schemas.microsoft.com/developer/msbuild/2003">
  <ItemGroup>
    <Filter Include="Исходные файлы">
      <UniqueIdentifier>{4FC737F1-C7A5-4376-A066-2A32D752A2FF}</UniqueIdentifier>
      <Extensions>cpp;c;cc;cxx;c++;cppm;ixx;def;odl;idl;hpj;bat;asm;asmx</Extensions>
    </Filter>
    <Filter Include="Файлы заголовков">
      <UniqueIdentifier>{93995380-89BD-4b04-88EB-625FBE52EBFB}</UniqueIdentifier>
      <Extensions>h;hh;hpp;hxx;h++;hm;inl;inc;ipp;xsd</Extensions>
    </Filter>
    <Filter Include="Файлы ресурсов">
      <UniqueIdentifier>{67DA6AB6-F800-4c08-8B7A-83BB121AAD01}</UniqueIdentifier>
      <Extensions>rc;ico;cur;bmp;dlg;rc2;rct;bin;rgs;gif;jpg;jpeg;jpe;resx;tiff;tif;png;wav;mfcribbon-ms</Extensions>
    </Filter>
    <Filter Include="Файлы ресурсов\ttffonts">
      <UniqueIdentifier>{55735066-349a-47f3-8513-e9e300496b9b}</UniqueIdentifier>
    </Filter>
    <Filter Include="Файлы ресурсов\textures">
      <UniqueIdentifier>{78557ace-cdd1-4290-bc3d-4beff63cd300}</UniqueIdentifier>
    </Filter>
    <Filter Include="Файлы ресурсов\textures\splites">
      <UniqueIdentifier>{58945241-ac1a-4386-a384-ce802dd032d6}</UniqueIdentifier>
    </Filter>
    <Filter Include="Файлы ресурсов\textures\backgrounds">
      <UniqueIdentifier>{b9ebebeb-024e-4577-a75d-b1fec690e0da}</UniqueIdentifier>
    </Filter>
    <Filter Include="Исходные файлы\TextureProcessing">
      <UniqueIdentifier>{7c742967-ca70-4d0f-b0ab-27f6cf1d9d0d}</UniqueIdentifier>
    </Filter>
    <Filter Include="Исходные файлы\Utility">
      <UniqueIdentifier>{471140c4-011a-42da-91c9-5a44c27268bb}</UniqueIdentifier>
    </Filter>
    <Filter Include="Исходные файлы\Utility\SDL_free_init">
      <UniqueIdentifier>{b473ae29-b28b-4178-967b-c4958f4acc4a}</UniqueIdentifier>
    </Filter>
    <Filter Include="Файлы ресурсов\textures\splites\knight">
      <UniqueIdentifier>{7b369ac6-cfac-48e2-8193-722411440afa}</UniqueIdentifier>
    </Filter>
    <Filter Include="Исходные файлы\menu">
      <UniqueIdentifier>{774169be-2425-4daf-a073-1649d0f65884}</UniqueIdentifier>
    </Filter>
    <Filter Include="Исходные файлы\Utility\Mouse">
      <UniqueIdentifier>{570a6fae-6f3d-48f5-99f2-a4e7726a3472}</UniqueIdentifier>
    </Filter>
    <Filter Include="Исходные файлы\gamemode">
      <UniqueIdentifier>{70da77c9-385b-46de-a498-d50cb317651f}</UniqueIdentifier>
    </Filter>
    <Filter Include="Исходные файлы\Hero">
      <UniqueIdentifier>{e7bac72f-6fac-49b5-88d4-8f6d91b12202}</UniqueIdentifier>
    </Filter>
  </ItemGroup>
  <ItemGroup>
    <ClCompile Include="KursovMakarovAlex.cpp">
      <Filter>Исходные файлы</Filter>
    </ClCompile>
    <ClCompile Include="texturesimport.cpp">
      <Filter>Исходные файлы\TextureProcessing</Filter>
    </ClCompile>
    <ClCompile Include="SDLProcessing.cpp">
      <Filter>Исходные файлы\Utility\SDL_free_init</Filter>
    </ClCompile>
    <ClCompile Include="SpleetProcessing.cpp">
      <Filter>Исходные файлы\TextureProcessing</Filter>
    </ClCompile>
    <ClCompile Include="Menu.cpp">
      <Filter>Исходные файлы\menu</Filter>
    </ClCompile>
    <ClCompile Include="Mouse.cpp">
      <Filter>Исходные файлы\Utility\Mouse</Filter>
    </ClCompile>
    <ClCompile Include="gamemode.cpp">
      <Filter>Исходные файлы\gamemode</Filter>
    </ClCompile>
    <ClCompile Include="Hero.cpp">
      <Filter>Исходные файлы\Hero</Filter>
    </ClCompile>
  </ItemGroup>
  <ItemGroup>
    <Font Include="BrownieStencil-8O8MJ.ttf">
      <Filter>Файлы ресурсов\ttffonts</Filter>
    </Font>
    <Font Include="Zodchiy-Regular.ttf">
      <Filter>Файлы ресурсов\ttffonts</Filter>
    </Font>
    <Font Include="OpenSans-Bold.ttf">
      <Filter>Файлы ресурсов\ttffonts</Filter>
    </Font>
    <Font Include="OpenSans-BoldItalic.ttf">
      <Filter>Файлы ресурсов\ttffonts</Filter>
    </Font>
    <Font Include="OpenSans-ExtraBold.ttf">
      <Filter>Файлы ресурсов\ttffonts</Filter>
    </Font>
    <Font Include="OpenSans-ExtraBoldItalic.ttf">
      <Filter>Файлы ресурсов\ttffonts</Filter>
    </Font>
    <Font Include="OpenSans-Italic.ttf">
      <Filter>Файлы ресурсов\ttffonts</Filter>
    </Font>
    <Font Include="OpenSans-Light.ttf">
      <Filter>Файлы ресурсов\ttffonts</Filter>
    </Font>
    <Font Include="OpenSans-LightItalic.ttf">
      <Filter>Файлы ресурсов\ttffonts</Filter>
    </Font>
    <Font Include="OpenSans-Regular.ttf">
      <Filter>Файлы ресурсов\ttffonts</Filter>
    </Font>
    <Font Include="OpenSans-Semibold.ttf">
      <Filter>Файлы ресурсов\ttffonts</Filter>
    </Font>
    <Font Include="OpenSans-SemiboldItalic.ttf">
      <Filter>Файлы ресурсов\ttffonts</Filter>
    </Font>
  </ItemGroup>
  <ItemGroup>
    <ClInclude Include="texturesimport.h">
      <Filter>Исходные файлы\TextureProcessing</Filter>
    </ClInclude>
    <ClInclude Include="SpleetProcessing.h">
      <Filter>Исходные файлы\TextureProcessing</Filter>
    </ClInclude>
    <ClInclude Include="Menu.h">
      <Filter>Исходные файлы\menu</Filter>
    </ClInclude>
    <ClInclude Include="SDLProcessing.h">
      <Filter>Исходные файлы\Utility\SDL_free_init</Filter>
    </ClInclude>
    <ClInclude Include="Mouse.h">
      <Filter>Исходные файлы\Utility\Mouse</Filter>
    </ClInclude>
    <ClInclude Include="gamemode.h">
      <Filter>Исходные файлы\gamemode</Filter>
    </ClInclude>
    <ClInclude Include="Hero.h">
      <Filter>Исходные файлы\Hero</Filter>
    </ClInclude>
  </ItemGroup>
  <ItemGroup>
    <Image Include="soul_knight_animation_cuted_run_back.png">
      <Filter>Файлы ресурсов\textures\splites\knight</Filter>
    </Image>
    <Image Include="soul_knight_animation_cuted_run_right.png">
      <Filter>Файлы ресурсов\textures\splites\knight</Filter>
    </Image>
    <Image Include="soul_knight_animation_cuted_run_front_right.png">
      <Filter>Файлы ресурсов\textures\splites\knight</Filter>
    </Image>
    <Image Include="soul_knight_animation_cuted_run_front_stay.png">
      <Filter>Файлы ресурсов\textures\splites\knight</Filter>
    </Image>
    <Image Include="proba.png">
      <Filter>Файлы ресурсов\textures\backgrounds</Filter>
    </Image>
    <Image Include="Infobackgr.jpg">
      <Filter>Файлы ресурсов\textures\backgrounds</Filter>
    </Image>
    <Image Include="SaveImage.jpg">
      <Filter>Файлы ресурсов\textures\backgrounds</Filter>
    </Image>
  </ItemGroup>
</Project>